
Microsoft Visual Studio Solution File, Format Version 11.00
# Visual Studio 2010
Project("{FAE04EC0-301F-11D3-BF4B-00C04F79EFBC}") = "FTPbox", "FTPbox\FTPbox.csproj", "{934DC82D-E5FD-421B-932B-7F0135E0EB8B}"
EndProject
Project("{54435603-DBB4-11D2-8724-00A0C9A8B90C}") = "FTPbox_setup", "FTPbox_setup\FTPbox_setup.vdproj", "{8B28C55B-83C5-4C33-8A84-3B5C34CB2B4B}"
EndProject
Global
	GlobalSection(SolutionConfigurationPlatforms) = preSolution
		Debug|Mixed Platforms = Debug|Mixed Platforms
		Debug|Win32 = Debug|Win32
		Debug|x86 = Debug|x86
		Release|Mixed Platforms = Release|Mixed Platforms
		Release|Win32 = Release|Win32
		Release|x86 = Release|x86
	EndGlobalSection
	GlobalSection(ProjectConfigurationPlatforms) = postSolution
		{934DC82D-E5FD-421B-932B-7F0135E0EB8B}.Debug|Mixed Platforms.ActiveCfg = Debug|x86
		{934DC82D-E5FD-421B-932B-7F0135E0EB8B}.Debug|Mixed Platforms.Build.0 = Debug|x86
		{934DC82D-E5FD-421B-932B-7F0135E0EB8B}.Debug|Win32.ActiveCfg = Debug|x86
		{934DC82D-E5FD-421B-932B-7F0135E0EB8B}.Debug|x86.ActiveCfg = Debug|x86
		{934DC82D-E5FD-421B-932B-7F0135E0EB8B}.Debug|x86.Build.0 = Debug|x86
		{934DC82D-E5FD-421B-932B-7F0135E0EB8B}.Release|Mixed Platforms.ActiveCfg = Release|x86
		{934DC82D-E5FD-421B-932B-7F0135E0EB8B}.Release|Mixed Platforms.Build.0 = Release|x86
		{934DC82D-E5FD-421B-932B-7F0135E0EB8B}.Release|Win32.ActiveCfg = Release|x86
		{934DC82D-E5FD-421B-932B-7F0135E0EB8B}.Release|x86.ActiveCfg = Release|x86
		{934DC82D-E5FD-421B-932B-7F0135E0EB8B}.Release|x86.Build.0 = Release|x86
		{8B28C55B-83C5-4C33-8A84-3B5C34CB2B4B}.Debug|Mixed Platforms.ActiveCfg = Debug
		{8B28C55B-83C5-4C33-8A84-3B5C34CB2B4B}.Debug|Win32.ActiveCfg = Debug
		{8B28C55B-83C5-4C33-8A84-3B5C34CB2B4B}.Debug|Win32.Build.0 = Debug
		{8B28C55B-83C5-4C33-8A84-3B5C34CB2B4B}.Debug|x86.ActiveCfg = Debug
		{8B28C55B-83C5-4C33-8A84-3B5C34CB2B4B}.Release|Mixed Platforms.ActiveCfg = Release
		{8B28C55B-83C5-4C33-8A84-3B5C34CB2B4B}.Release|Mixed Platforms.Build.0 = Release
		{8B28C55B-83C5-4C33-8A84-3B5C34CB2B4B}.Release|Win32.ActiveCfg = Release
		{8B28C55B-83C5-4C33-8A84-3B5C34CB2B4B}.Release|Win32.Build.0 = Release
		{8B28C55B-83C5-4C33-8A84-3B5C34CB2B4B}.Release|x86.ActiveCfg = Release
		{8B28C55B-83C5-4C33-8A84-3B5C34CB2B4B}.Release|x86.Build.0 = Release
	EndGlobalSection
	GlobalSection(SolutionProperties) = preSolution
		HideSolutionNode = FALSE
	EndGlobalSection
EndGlobal
